// !$*UTF8*$!
{
	archiveVersion = 1;
	classes = {
	};
	objectVersion = 56;
	objects = {

/* Begin PBXBuildFile section */
		55D42ED1296B0AB500CB15AC /* FWAmarInvestmentSDK.framework in Frameworks */ = {isa = PBXBuildFile; fileRef = 55D42EC8296B0AB400CB15AC /* FWAmarInvestmentSDK.framework */; };
		55D42ED6296B0AB500CB15AC /* FWAmarInvestmentSDKTests.swift in Sources */ = {isa = PBXBuildFile; fileRef = 55D42ED5296B0AB500CB15AC /* FWAmarInvestmentSDKTests.swift */; };
		55D42ED7296B0AB500CB15AC /* FWAmarInvestmentSDK.h in Headers */ = {isa = PBXBuildFile; fileRef = 55D42ECB296B0AB400CB15AC /* FWAmarInvestmentSDK.h */; settings = {ATTRIBUTES = (Public, ); }; };
		55D42FA8296B27B100CB15AC /* InvestmentRequest.swift in Sources */ = {isa = PBXBuildFile; fileRef = 55D42FA7296B27B100CB15AC /* InvestmentRequest.swift */; };
		55D42FAA296B27D200CB15AC /* InvestmentResponse.swift in Sources */ = {isa = PBXBuildFile; fileRef = 55D42FA9296B27D200CB15AC /* InvestmentResponse.swift */; };
		55D42FAC296B281900CB15AC /* APIManagerClient.swift in Sources */ = {isa = PBXBuildFile; fileRef = 55D42FAB296B281900CB15AC /* APIManagerClient.swift */; };
		55D42FB8296B367300CB15AC /* InvestmentStory.storyboard in Resources */ = {isa = PBXBuildFile; fileRef = 55D42FB7296B367300CB15AC /* InvestmentStory.storyboard */; };
		55D42FBA296B36D600CB15AC /* InvestmentInitViewController.swift in Sources */ = {isa = PBXBuildFile; fileRef = 55D42FB9296B36D600CB15AC /* InvestmentInitViewController.swift */; };
		55D42FBC296B36EA00CB15AC /* InvestmentConfirmViewController.swift in Sources */ = {isa = PBXBuildFile; fileRef = 55D42FBB296B36EA00CB15AC /* InvestmentConfirmViewController.swift */; };
/* End PBXBuildFile section */

/* Begin PBXContainerItemProxy section */
		55D42ED2296B0AB500CB15AC /* PBXContainerItemProxy */ = {
			isa = PBXContainerItemProxy;
			containerPortal = 55D42EBF296B0AB400CB15AC /* Project object */;
			proxyType = 1;
			remoteGlobalIDString = 55D42EC7296B0AB400CB15AC;
			remoteInfo = FWAmarInvestmentSDK;
		};
/* End PBXContainerItemProxy section */

/* Begin PBXFileReference section */
		55D42EC8296B0AB400CB15AC /* FWAmarInvestmentSDK.framework */ = {isa = PBXFileReference; explicitFileType = wrapper.framework; includeInIndex = 0; path = FWAmarInvestmentSDK.framework; sourceTree = BUILT_PRODUCTS_DIR; };
		55D42ECB296B0AB400CB15AC /* FWAmarInvestmentSDK.h */ = {isa = PBXFileReference; lastKnownFileType = sourcecode.c.h; path = FWAmarInvestmentSDK.h; sourceTree = "<group>"; };
		55D42ED0296B0AB500CB15AC /* FWAmarInvestmentSDKTests.xctest */ = {isa = PBXFileReference; explicitFileType = wrapper.cfbundle; includeInIndex = 0; path = FWAmarInvestmentSDKTests.xctest; sourceTree = BUILT_PRODUCTS_DIR; };
		55D42ED5296B0AB500CB15AC /* FWAmarInvestmentSDKTests.swift */ = {isa = PBXFileReference; lastKnownFileType = sourcecode.swift; path = FWAmarInvestmentSDKTests.swift; sourceTree = "<group>"; };
		55D42FA7296B27B100CB15AC /* InvestmentRequest.swift */ = {isa = PBXFileReference; lastKnownFileType = sourcecode.swift; path = InvestmentRequest.swift; sourceTree = "<group>"; };
		55D42FA9296B27D200CB15AC /* InvestmentResponse.swift */ = {isa = PBXFileReference; lastKnownFileType = sourcecode.swift; path = InvestmentResponse.swift; sourceTree = "<group>"; };
		55D42FAB296B281900CB15AC /* APIManagerClient.swift */ = {isa = PBXFileReference; lastKnownFileType = sourcecode.swift; path = APIManagerClient.swift; sourceTree = "<group>"; };
		55D42FB7296B367300CB15AC /* InvestmentStory.storyboard */ = {isa = PBXFileReference; lastKnownFileType = file.storyboard; path = InvestmentStory.storyboard; sourceTree = "<group>"; };
		55D42FB9296B36D600CB15AC /* InvestmentInitViewController.swift */ = {isa = PBXFileReference; lastKnownFileType = sourcecode.swift; path = InvestmentInitViewController.swift; sourceTree = "<group>"; };
		55D42FBB296B36EA00CB15AC /* InvestmentConfirmViewController.swift */ = {isa = PBXFileReference; lastKnownFileType = sourcecode.swift; path = InvestmentConfirmViewController.swift; sourceTree = "<group>"; };
/* End PBXFileReference section */

/* Begin PBXFrameworksBuildPhase section */
		55D42EC5296B0AB400CB15AC /* Frameworks */ = {
			isa = PBXFrameworksBuildPhase;
			buildActionMask = 2147483647;
			files = (
			);
			runOnlyForDeploymentPostprocessing = 0;
		};
		55D42ECD296B0AB500CB15AC /* Frameworks */ = {
			isa = PBXFrameworksBuildPhase;
			buildActionMask = 2147483647;
			files = (
				55D42ED1296B0AB500CB15AC /* FWAmarInvestmentSDK.framework in Frameworks */,
			);
			runOnlyForDeploymentPostprocessing = 0;
		};
/* End PBXFrameworksBuildPhase section */

/* Begin PBXGroup section */
		55D42EBE296B0AB400CB15AC = {
			isa = PBXGroup;
			children = (
				55D42ECA296B0AB400CB15AC /* FWAmarInvestmentSDK */,
				55D42ED4296B0AB500CB15AC /* FWAmarInvestmentSDKTests */,
				55D42EC9296B0AB400CB15AC /* Products */,
			);
			sourceTree = "<group>";
		};
		55D42EC9296B0AB400CB15AC /* Products */ = {
			isa = PBXGroup;
			children = (
				55D42EC8296B0AB400CB15AC /* FWAmarInvestmentSDK.framework */,
				55D42ED0296B0AB500CB15AC /* FWAmarInvestmentSDKTests.xctest */,
			);
			name = Products;
			sourceTree = "<group>";
		};
		55D42ECA296B0AB400CB15AC /* FWAmarInvestmentSDK */ = {
			isa = PBXGroup;
			children = (
				55D42FB5296B365700CB15AC /* StoryBoard */,
				55D42FB6296B365700CB15AC /* ViewControllers */,
				55D42FA6296B275C00CB15AC /* APIRequestManager */,
				55D42FA4296B275C00CB15AC /* RequestModels */,
				55D42FA5296B275C00CB15AC /* ResponseModels */,
				55D42ECB296B0AB400CB15AC /* FWAmarInvestmentSDK.h */,
			);
			path = FWAmarInvestmentSDK;
			sourceTree = "<group>";
		};
		55D42ED4296B0AB500CB15AC /* FWAmarInvestmentSDKTests */ = {
			isa = PBXGroup;
			children = (
				55D42ED5296B0AB500CB15AC /* FWAmarInvestmentSDKTests.swift */,
			);
			path = FWAmarInvestmentSDKTests;
			sourceTree = "<group>";
		};
		55D42FA4296B275C00CB15AC /* RequestModels */ = {
			isa = PBXGroup;
			children = (
				55D42FA7296B27B100CB15AC /* InvestmentRequest.swift */,
			);
			path = RequestModels;
			sourceTree = "<group>";
		};
		55D42FA5296B275C00CB15AC /* ResponseModels */ = {
			isa = PBXGroup;
			children = (
				55D42FA9296B27D200CB15AC /* InvestmentResponse.swift */,
			);
			path = ResponseModels;
			sourceTree = "<group>";
		};
		55D42FA6296B275C00CB15AC /* APIRequestManager */ = {
			isa = PBXGroup;
			children = (
				55D42FAB296B281900CB15AC /* APIManagerClient.swift */,
			);
			path = APIRequestManager;
			sourceTree = "<group>";
		};
		55D42FB5296B365700CB15AC /* StoryBoard */ = {
			isa = PBXGroup;
			children = (
				55D42FB7296B367300CB15AC /* InvestmentStory.storyboard */,
			);
			path = StoryBoard;
			sourceTree = "<group>";
		};
		55D42FB6296B365700CB15AC /* ViewControllers */ = {
			isa = PBXGroup;
			children = (
				55D42FB9296B36D600CB15AC /* InvestmentInitViewController.swift */,
				55D42FBB296B36EA00CB15AC /* InvestmentConfirmViewController.swift */,
			);
			path = ViewControllers;
			sourceTree = "<group>";
		};
/* End PBXGroup section */

/* Begin PBXHeadersBuildPhase section */
		55D42EC3296B0AB400CB15AC /* Headers */ = {
			isa = PBXHeadersBuildPhase;
			buildActionMask = 2147483647;
			files = (
				55D42ED7296B0AB500CB15AC /* FWAmarInvestmentSDK.h in Headers */,
			);
			runOnlyForDeploymentPostprocessing = 0;
		};
/* End PBXHeadersBuildPhase section */

/* Begin PBXNativeTarget section */
		55D42EC7296B0AB400CB15AC /* FWAmarInvestmentSDK */ = {
			isa = PBXNativeTarget;
			buildConfigurationList = 55D42EDA296B0AB500CB15AC /* Build configuration list for PBXNativeTarget "FWAmarInvestmentSDK" */;
			buildPhases = (
				55D42EC3296B0AB400CB15AC /* Headers */,
				55D42EC4296B0AB400CB15AC /* Sources */,
				55D42EC5296B0AB400CB15AC /* Frameworks */,
				55D42EC6296B0AB400CB15AC /* Resources */,
			);
			buildRules = (
			);
			dependencies = (
			);
			name = FWAmarInvestmentSDK;
			productName = FWAmarInvestmentSDK;
			productReference = 55D42EC8296B0AB400CB15AC /* FWAmarInvestmentSDK.framework */;
			productType = "com.apple.product-type.framework";
		};
		55D42ECF296B0AB500CB15AC /* FWAmarInvestmentSDKTests */ = {
			isa = PBXNativeTarget;
			buildConfigurationList = 55D42EDD296B0AB500CB15AC /* Build configuration list for PBXNativeTarget "FWAmarInvestmentSDKTests" */;
			buildPhases = (
				55D42ECC296B0AB500CB15AC /* Sources */,
				55D42ECD296B0AB500CB15AC /* Frameworks */,
				55D42ECE296B0AB500CB15AC /* Resources */,
			);
			buildRules = (
			);
			dependencies = (
				55D42ED3296B0AB500CB15AC /* PBXTargetDependency */,
			);
			name = FWAmarInvestmentSDKTests;
			productName = FWAmarInvestmentSDKTests;
			productReference = 55D42ED0296B0AB500CB15AC /* FWAmarInvestmentSDKTests.xctest */;
			productType = "com.apple.product-type.bundle.unit-test";
		};
/* End PBXNativeTarget section */

/* Begin PBXProject section */
		55D42EBF296B0AB400CB15AC /* Project object */ = {
			isa = PBXProject;
			attributes = {
				BuildIndependentTargetsInParallel = 1;
				LastSwiftUpdateCheck = 1400;
				LastUpgradeCheck = 1400;
				TargetAttributes = {
					55D42EC7296B0AB400CB15AC = {
						CreatedOnToolsVersion = 14.0.1;
						LastSwiftMigration = 1400;
					};
					55D42ECF296B0AB500CB15AC = {
						CreatedOnToolsVersion = 14.0.1;
					};
				};
			};
			buildConfigurationList = 55D42EC2296B0AB400CB15AC /* Build configuration list for PBXProject "FWAmarInvestmentSDK" */;
			compatibilityVersion = "Xcode 14.0";
			developmentRegion = en;
			hasScannedForEncodings = 0;
			knownRegions = (
				en,
				Base,
			);
			mainGroup = 55D42EBE296B0AB400CB15AC;
			productRefGroup = 55D42EC9296B0AB400CB15AC /* Products */;
			projectDirPath = "";
			projectRoot = "";
			targets = (
				55D42EC7296B0AB400CB15AC /* FWAmarInvestmentSDK */,
				55D42ECF296B0AB500CB15AC /* FWAmarInvestmentSDKTests */,
			);
		};
/* End PBXProject section */

/* Begin PBXResourcesBuildPhase section */
		55D42EC6296B0AB400CB15AC /* Resources */ = {
			isa = PBXResourcesBuildPhase;
			buildActionMask = 2147483647;
			files = (
				55D42FB8296B367300CB15AC /* InvestmentStory.storyboard in Resources */,
			);
			runOnlyForDeploymentPostprocessing = 0;
		};
		55D42ECE296B0AB500CB15AC /* Resources */ = {
			isa = PBXResourcesBuildPhase;
			buildActionMask = 2147483647;
			files = (
			);
			runOnlyForDeploymentPostprocessing = 0;
		};
/* End PBXResourcesBuildPhase section */

/* Begin PBXSourcesBuildPhase section */
		55D42EC4296B0AB400CB15AC /* Sources */ = {
			isa = PBXSourcesBuildPhase;
			buildActionMask = 2147483647;
			files = (
				55D42FBC296B36EA00CB15AC /* InvestmentConfirmViewController.swift in Sources */,
				55D42FA8296B27B100CB15AC /* InvestmentRequest.swift in Sources */,
				55D42FBA296B36D600CB15AC /* InvestmentInitViewController.swift in Sources */,
				55D42FAA296B27D200CB15AC /* InvestmentResponse.swift in Sources */,
				55D42FAC296B281900CB15AC /* APIManagerClient.swift in Sources */,
			);
			runOnlyForDeploymentPostprocessing = 0;
		};
		55D42ECC296B0AB500CB15AC /* Sources */ = {
			isa = PBXSourcesBuildPhase;
			buildActionMask = 2147483647;
			files = (
				55D42ED6296B0AB500CB15AC /* FWAmarInvestmentSDKTests.swift in Sources */,
			);
			runOnlyForDeploymentPostprocessing = 0;
		};
/* End PBXSourcesBuildPhase section */

/* Begin PBXTargetDependency section */
		55D42ED3296B0AB500CB15AC /* PBXTargetDependency */ = {
			isa = PBXTargetDependency;
			target = 55D42EC7296B0AB400CB15AC /* FWAmarInvestmentSDK */;
			targetProxy = 55D42ED2296B0AB500CB15AC /* PBXContainerItemProxy */;
		};
/* End PBXTargetDependency section */

/* Begin XCBuildConfiguration section */
		55D42ED8296B0AB500CB15AC /* Debug */ = {
			isa = XCBuildConfiguration;
			buildSettings = {
				ALWAYS_SEARCH_USER_PATHS = NO;
				CLANG_ANALYZER_NONNULL = YES;
				CLANG_ANALYZER_NUMBER_OBJECT_CONVERSION = YES_AGGRESSIVE;
				CLANG_CXX_LANGUAGE_STANDARD = "gnu++20";
				CLANG_ENABLE_MODULES = YES;
				CLANG_ENABLE_OBJC_ARC = YES;
				CLANG_ENABLE_OBJC_WEAK = YES;
				CLANG_WARN_BLOCK_CAPTURE_AUTORELEASING = YES;
				CLANG_WARN_BOOL_CONVERSION = YES;
				CLANG_WARN_COMMA = YES;
				CLANG_WARN_CONSTANT_CONVERSION = YES;
				CLANG_WARN_DEPRECATED_OBJC_IMPLEMENTATIONS = YES;
				CLANG_WARN_DIRECT_OBJC_ISA_USAGE = YES_ERROR;
				CLANG_WARN_DOCUMENTATION_COMMENTS = YES;
				CLANG_WARN_EMPTY_BODY = YES;
				CLANG_WARN_ENUM_CONVERSION = YES;
				CLANG_WARN_INFINITE_RECURSION = YES;
				CLANG_WARN_INT_CONVERSION = YES;
				CLANG_WARN_NON_LITERAL_NULL_CONVERSION = YES;
				CLANG_WARN_OBJC_IMPLICIT_RETAIN_SELF = YES;
				CLANG_WARN_OBJC_LITERAL_CONVERSION = YES;
				CLANG_WARN_OBJC_ROOT_CLASS = YES_ERROR;
				CLANG_WARN_QUOTED_INCLUDE_IN_FRAMEWORK_HEADER = YES;
				CLANG_WARN_RANGE_LOOP_ANALYSIS = YES;
				CLANG_WARN_STRICT_PROTOTYPES = YES;
				CLANG_WARN_SUSPICIOUS_MOVE = YES;
				CLANG_WARN_UNGUARDED_AVAILABILITY = YES_AGGRESSIVE;
				CLANG_WARN_UNREACHABLE_CODE = YES;
				CLANG_WARN__DUPLICATE_METHOD_MATCH = YES;
				COPY_PHASE_STRIP = NO;
				CURRENT_PROJECT_VERSION = 1;
				DEBUG_INFORMATION_FORMAT = dwarf;
				ENABLE_STRICT_OBJC_MSGSEND = YES;
				ENABLE_TESTABILITY = YES;
				GCC_C_LANGUAGE_STANDARD = gnu11;
				GCC_DYNAMIC_NO_PIC = NO;
				GCC_NO_COMMON_BLOCKS = YES;
				GCC_OPTIMIZATION_LEVEL = 0;
				GCC_PREPROCESSOR_DEFINITIONS = (
					"DEBUG=1",
					"$(inherited)",
				);
				GCC_WARN_64_TO_32_BIT_CONVERSION = YES;
				GCC_WARN_ABOUT_RETURN_TYPE = YES_ERROR;
				GCC_WARN_UNDECLARED_SELECTOR = YES;
				GCC_WARN_UNINITIALIZED_AUTOS = YES_AGGRESSIVE;
				GCC_WARN_UNUSED_FUNCTION = YES;
				GCC_WARN_UNUSED_VARIABLE = YES;
				IPHONEOS_DEPLOYMENT_TARGET = 16.0;
				MTL_ENABLE_DEBUG_INFO = INCLUDE_SOURCE;
				MTL_FAST_MATH = YES;
				ONLY_ACTIVE_ARCH = YES;
				SDKROOT = iphoneos;
				SWIFT_ACTIVE_COMPILATION_CONDITIONS = DEBUG;
				SWIFT_OPTIMIZATION_LEVEL = "-Onone";
				VERSIONING_SYSTEM = "apple-generic";
				VERSION_INFO_PREFIX = "";
			};
			name = Debug;
		};
		55D42ED9296B0AB500CB15AC /* Release */ = {
			isa = XCBuildConfiguration;
			buildSettings = {
				ALWAYS_SEARCH_USER_PATHS = NO;
				CLANG_ANALYZER_NONNULL = YES;
				CLANG_ANALYZER_NUMBER_OBJECT_CONVERSION = YES_AGGRESSIVE;
				CLANG_CXX_LANGUAGE_STANDARD = "gnu++20";
				CLANG_ENABLE_MODULES = YES;
				CLANG_ENABLE_OBJC_ARC = YES;
				CLANG_ENABLE_OBJC_WEAK = YES;
				CLANG_WARN_BLOCK_CAPTURE_AUTORELEASING = YES;
				CLANG_WARN_BOOL_CONVERSION = YES;
				CLANG_WARN_COMMA = YES;
				CLANG_WARN_CONSTANT_CONVERSION = YES;
				CLANG_WARN_DEPRECATED_OBJC_IMPLEMENTATIONS = YES;
				CLANG_WARN_DIRECT_OBJC_ISA_USAGE = YES_ERROR;
				CLANG_WARN_DOCUMENTATION_COMMENTS = YES;
				CLANG_WARN_EMPTY_BODY = YES;
				CLANG_WARN_ENUM_CONVERSION = YES;
				CLANG_WARN_INFINITE_RECURSION = YES;
				CLANG_WARN_INT_CONVERSION = YES;
				CLANG_WARN_NON_LITERAL_NULL_CONVERSION = YES;
				CLANG_WARN_OBJC_IMPLICIT_RETAIN_SELF = YES;
				CLANG_WARN_OBJC_LITERAL_CONVERSION = YES;
				CLANG_WARN_OBJC_ROOT_CLASS = YES_ERROR;
				CLANG_WARN_QUOTED_INCLUDE_IN_FRAMEWORK_HEADER = YES;
				CLANG_WARN_RANGE_LOOP_ANALYSIS = YES;
				CLANG_WARN_STRICT_PROTOTYPES = YES;
				CLANG_WARN_SUSPICIOUS_MOVE = YES;
				CLANG_WARN_UNGUARDED_AVAILABILITY = YES_AGGRESSIVE;
				CLANG_WARN_UNREACHABLE_CODE = YES;
				CLANG_WARN__DUPLICATE_METHOD_MATCH = YES;
				COPY_PHASE_STRIP = NO;
				CURRENT_PROJECT_VERSION = 1;
				DEBUG_INFORMATION_FORMAT = "dwarf-with-dsym";
				ENABLE_NS_ASSERTIONS = NO;
				ENABLE_STRICT_OBJC_MSGSEND = YES;
				GCC_C_LANGUAGE_STANDARD = gnu11;
				GCC_NO_COMMON_BLOCKS = YES;
				GCC_WARN_64_TO_32_BIT_CONVERSION = YES;
				GCC_WARN_ABOUT_RETURN_TYPE = YES_ERROR;
				GCC_WARN_UNDECLARED_SELECTOR = YES;
				GCC_WARN_UNINITIALIZED_AUTOS = YES_AGGRESSIVE;
				GCC_WARN_UNUSED_FUNCTION = YES;
				GCC_WARN_UNUSED_VARIABLE = YES;
				IPHONEOS_DEPLOYMENT_TARGET = 16.0;
				MTL_ENABLE_DEBUG_INFO = NO;
				MTL_FAST_MATH = YES;
				SDKROOT = iphoneos;
				SWIFT_COMPILATION_MODE = wholemodule;
				SWIFT_OPTIMIZATION_LEVEL = "-O";
				VALIDATE_PRODUCT = YES;
				VERSIONING_SYSTEM = "apple-generic";
				VERSION_INFO_PREFIX = "";
			};
			name = Release;
		};
		55D42EDB296B0AB500CB15AC /* Debug */ = {
			isa = XCBuildConfiguration;
			buildSettings = {
				CLANG_ENABLE_MODULES = YES;
				CODE_SIGN_STYLE = Automatic;
				CURRENT_PROJECT_VERSION = 1;
				DEFINES_MODULE = YES;
				DYLIB_COMPATIBILITY_VERSION = 1;
				DYLIB_CURRENT_VERSION = 1;
				DYLIB_INSTALL_NAME_BASE = "@rpath";
				GENERATE_INFOPLIST_FILE = YES;
				INFOPLIST_KEY_NSHumanReadableCopyright = "";
				INSTALL_PATH = "$(LOCAL_LIBRARY_DIR)/Frameworks";
				LD_RUNPATH_SEARCH_PATHS = (
					"$(inherited)",
					"@executable_path/Frameworks",
					"@loader_path/Frameworks",
				);
				MARKETING_VERSION = 1.0;
				PRODUCT_BUNDLE_IDENTIFIER = amar.roy.swiftpractice.FWAmarInvestmentSDK;
				PRODUCT_NAME = "$(TARGET_NAME:c99extidentifier)";
				SKIP_INSTALL = YES;
				SWIFT_EMIT_LOC_STRINGS = YES;
				SWIFT_OPTIMIZATION_LEVEL = "-Onone";
				SWIFT_VERSION = 5.0;
				TARGETED_DEVICE_FAMILY = "1,2";
			};
			name = Debug;
		};
		55D42EDC296B0AB500CB15AC /* Release */ = {
			isa = XCBuildConfiguration;
			buildSettings = {
				CLANG_ENABLE_MODULES = YES;
				CODE_SIGN_STYLE = Automatic;
				CURRENT_PROJECT_VERSION = 1;
				DEFINES_MODULE = YES;
				DYLIB_COMPATIBILITY_VERSION = 1;
				DYLIB_CURRENT_VERSION = 1;
				DYLIB_INSTALL_NAME_BASE = "@rpath";
				GENERATE_INFOPLIST_FILE = YES;
				INFOPLIST_KEY_NSHumanReadableCopyright = "";
				INSTALL_PATH = "$(LOCAL_LIBRARY_DIR)/Frameworks";
				LD_RUNPATH_SEARCH_PATHS = (
					"$(inherited)",
					"@executable_path/Frameworks",
					"@loader_path/Frameworks",
				);
				MARKETING_VERSION = 1.0;
				PRODUCT_BUNDLE_IDENTIFIER = amar.roy.swiftpractice.FWAmarInvestmentSDK;
				PRODUCT_NAME = "$(TARGET_NAME:c99extidentifier)";
				SKIP_INSTALL = YES;
				SWIFT_EMIT_LOC_STRINGS = YES;
				SWIFT_VERSION = 5.0;
				TARGETED_DEVICE_FAMILY = "1,2";
			};
			name = Release;
		};
		55D42EDE296B0AB500CB15AC /* Debug */ = {
			isa = XCBuildConfiguration;
			buildSettings = {
				ALWAYS_EMBED_SWIFT_STANDARD_LIBRARIES = YES;
				CODE_SIGN_STYLE = Automatic;
				CURRENT_PROJECT_VERSION = 1;
				GENERATE_INFOPLIST_FILE = YES;
				MARKETING_VERSION = 1.0;
				PRODUCT_BUNDLE_IDENTIFIER = amar.roy.swiftpractice.FWAmarInvestmentSDKTests;
				PRODUCT_NAME = "$(TARGET_NAME)";
				SWIFT_EMIT_LOC_STRINGS = NO;
				SWIFT_VERSION = 5.0;
				TARGETED_DEVICE_FAMILY = "1,2";
			};
			name = Debug;
		};
		55D42EDF296B0AB500CB15AC /* Release */ = {
			isa = XCBuildConfiguration;
			buildSettings = {
				ALWAYS_EMBED_SWIFT_STANDARD_LIBRARIES = YES;
				CODE_SIGN_STYLE = Automatic;
				CURRENT_PROJECT_VERSION = 1;
				GENERATE_INFOPLIST_FILE = YES;
				MARKETING_VERSION = 1.0;
				PRODUCT_BUNDLE_IDENTIFIER = amar.roy.swiftpractice.FWAmarInvestmentSDKTests;
				PRODUCT_NAME = "$(TARGET_NAME)";
				SWIFT_EMIT_LOC_STRINGS = NO;
				SWIFT_VERSION = 5.0;
				TARGETED_DEVICE_FAMILY = "1,2";
			};
			name = Release;
		};
/* End XCBuildConfiguration section */

/* Begin XCConfigurationList section */
		55D42EC2296B0AB400CB15AC /* Build configuration list for PBXProject "FWAmarInvestmentSDK" */ = {
			isa = XCConfigurationList;
			buildConfigurations = (
				55D42ED8296B0AB500CB15AC /* Debug */,
				55D42ED9296B0AB500CB15AC /* Release */,
			);
			defaultConfigurationIsVisible = 0;
			defaultConfigurationName = Release;
		};
		55D42EDA296B0AB500CB15AC /* Build configuration list for PBXNativeTarget "FWAmarInvestmentSDK" */ = {
			isa = XCConfigurationList;
			buildConfigurations = (
				55D42EDB296B0AB500CB15AC /* Debug */,
				55D42EDC296B0AB500CB15AC /* Release */,
			);
			defaultConfigurationIsVisible = 0;
			defaultConfigurationName = Release;
		};
		55D42EDD296B0AB500CB15AC /* Build configuration list for PBXNativeTarget "FWAmarInvestmentSDKTests" */ = {
			isa = XCConfigurationList;
			buildConfigurations = (
				55D42EDE296B0AB500CB15AC /* Debug */,
				55D42EDF296B0AB500CB15AC /* Release */,
			);
			defaultConfigurationIsVisible = 0;
			defaultConfigurationName = Release;
		};
/* End XCConfigurationList section */
	};
	rootObject = 55D42EBF296B0AB400CB15AC /* Project object */;
}
